
Microsoft Visual Studio Solution File, Format Version 12.00
# Visual Studio Version 17
VisualStudioVersion = 17.12.35707.178
MinimumVisualStudioVersion = 10.0.40219.1
Project("{FAE04EC0-301F-11D3-BF4B-00C04F79EFBC}") = "CapaAdmin", "Portal_Literario\CapaAdmin.csproj", "{76BBA15B-E81F-4159-9A51-9321B3530B7F}"
EndProject
Project("{FAE04EC0-301F-11D3-BF4B-00C04F79EFBC}") = "CapaUser", "CapaUser\CapaUser.csproj", "{4CEFC40D-B446-4E1F-A378-D6D01057B8CD}"
EndProject
Project("{FAE04EC0-301F-11D3-BF4B-00C04F79EFBC}") = "CapaFree", "CapaFree\CapaFree.csproj", "{BDB3D2A0-8010-4222-9184-4BE793215B49}"
EndProject
Project("{FAE04EC0-301F-11D3-BF4B-00C04F79EFBC}") = "PortalLiterario.Entidad", "PortalLiterario.Entidad\PortalLiterario.Entidad.csproj", "{89535811-2D62-43F5-A0AE-804B4DADD82C}"
EndProject
Project("{FAE04EC0-301F-11D3-BF4B-00C04F79EFBC}") = "PortalLiterario.Negocio", "PortalLiterario.Negocio\PortalLiterario.Negocio.csproj", "{732370AE-B9AB-403F-9B43-B86499E737E1}"
EndProject
Project("{FAE04EC0-301F-11D3-BF4B-00C04F79EFBC}") = "PortalLiterario.Datos", "PortalLiterario.Datos\PortalLiterario.Datos.csproj", "{F13709DE-FE79-445F-B2A3-814B08B1E98A}"
EndProject
Global
	GlobalSection(SolutionConfigurationPlatforms) = preSolution
		Debug|Any CPU = Debug|Any CPU
		Release|Any CPU = Release|Any CPU
	EndGlobalSection
	GlobalSection(ProjectConfigurationPlatforms) = postSolution
		{76BBA15B-E81F-4159-9A51-9321B3530B7F}.Debug|Any CPU.ActiveCfg = Debug|Any CPU
		{76BBA15B-E81F-4159-9A51-9321B3530B7F}.Debug|Any CPU.Build.0 = Debug|Any CPU
		{76BBA15B-E81F-4159-9A51-9321B3530B7F}.Release|Any CPU.ActiveCfg = Release|Any CPU
		{76BBA15B-E81F-4159-9A51-9321B3530B7F}.Release|Any CPU.Build.0 = Release|Any CPU
		{4CEFC40D-B446-4E1F-A378-D6D01057B8CD}.Debug|Any CPU.ActiveCfg = Debug|Any CPU
		{4CEFC40D-B446-4E1F-A378-D6D01057B8CD}.Debug|Any CPU.Build.0 = Debug|Any CPU
		{4CEFC40D-B446-4E1F-A378-D6D01057B8CD}.Release|Any CPU.ActiveCfg = Release|Any CPU
		{4CEFC40D-B446-4E1F-A378-D6D01057B8CD}.Release|Any CPU.Build.0 = Release|Any CPU
		{BDB3D2A0-8010-4222-9184-4BE793215B49}.Debug|Any CPU.ActiveCfg = Debug|Any CPU
		{BDB3D2A0-8010-4222-9184-4BE793215B49}.Debug|Any CPU.Build.0 = Debug|Any CPU
		{BDB3D2A0-8010-4222-9184-4BE793215B49}.Release|Any CPU.ActiveCfg = Release|Any CPU
		{BDB3D2A0-8010-4222-9184-4BE793215B49}.Release|Any CPU.Build.0 = Release|Any CPU
		{89535811-2D62-43F5-A0AE-804B4DADD82C}.Debug|Any CPU.ActiveCfg = Debug|Any CPU
		{89535811-2D62-43F5-A0AE-804B4DADD82C}.Debug|Any CPU.Build.0 = Debug|Any CPU
		{89535811-2D62-43F5-A0AE-804B4DADD82C}.Release|Any CPU.ActiveCfg = Release|Any CPU
		{89535811-2D62-43F5-A0AE-804B4DADD82C}.Release|Any CPU.Build.0 = Release|Any CPU
		{732370AE-B9AB-403F-9B43-B86499E737E1}.Debug|Any CPU.ActiveCfg = Debug|Any CPU
		{732370AE-B9AB-403F-9B43-B86499E737E1}.Debug|Any CPU.Build.0 = Debug|Any CPU
		{732370AE-B9AB-403F-9B43-B86499E737E1}.Release|Any CPU.ActiveCfg = Release|Any CPU
		{732370AE-B9AB-403F-9B43-B86499E737E1}.Release|Any CPU.Build.0 = Release|Any CPU
		{F13709DE-FE79-445F-B2A3-814B08B1E98A}.Debug|Any CPU.ActiveCfg = Debug|Any CPU
		{F13709DE-FE79-445F-B2A3-814B08B1E98A}.Debug|Any CPU.Build.0 = Debug|Any CPU
		{F13709DE-FE79-445F-B2A3-814B08B1E98A}.Release|Any CPU.ActiveCfg = Release|Any CPU
		{F13709DE-FE79-445F-B2A3-814B08B1E98A}.Release|Any CPU.Build.0 = Release|Any CPU
	EndGlobalSection
	GlobalSection(SolutionProperties) = preSolution
		HideSolutionNode = FALSE
	EndGlobalSection
EndGlobal
